
Microsoft Visual Studio Solution File, Format Version 10.00
# Visual Studio 2008
Project("{FAE04EC0-301F-11D3-BF4B-00C04F79EFBC}") = "Synacast.ProcessManageMonitor.Core", "Synacast.BoxMonitor.Core\Synacast.ProcessManageMonitor.Core.csproj", "{AACF69E7-E803-46C0-8C54-93DC4598AF9A}"
EndProject
Project("{FAE04EC0-301F-11D3-BF4B-00C04F79EFBC}") = "ProcessManageMonitor", "ProcessManageMonitor\ProcessManageMonitor.csproj", "{A92CDBD9-8EA2-4803-AE3A-AA6C18021699}"
EndProject
Global
	GlobalSection(SolutionConfigurationPlatforms) = preSolution
		Debug|Any CPU = Debug|Any CPU
		Release|Any CPU = Release|Any CPU
	EndGlobalSection
	GlobalSection(ProjectConfigurationPlatforms) = postSolution
		{AACF69E7-E803-46C0-8C54-93DC4598AF9A}.Debug|Any CPU.ActiveCfg = Debug|Any CPU
		{AACF69E7-E803-46C0-8C54-93DC4598AF9A}.Debug|Any CPU.Build.0 = Debug|Any CPU
		{AACF69E7-E803-46C0-8C54-93DC4598AF9A}.Release|Any CPU.ActiveCfg = Release|Any CPU
		{AACF69E7-E803-46C0-8C54-93DC4598AF9A}.Release|Any CPU.Build.0 = Release|Any CPU
		{A92CDBD9-8EA2-4803-AE3A-AA6C18021699}.Debug|Any CPU.ActiveCfg = Debug|Any CPU
		{A92CDBD9-8EA2-4803-AE3A-AA6C18021699}.Debug|Any CPU.Build.0 = Debug|Any CPU
		{A92CDBD9-8EA2-4803-AE3A-AA6C18021699}.Release|Any CPU.ActiveCfg = Release|Any CPU
		{A92CDBD9-8EA2-4803-AE3A-AA6C18021699}.Release|Any CPU.Build.0 = Release|Any CPU
	EndGlobalSection
	GlobalSection(SolutionProperties) = preSolution
		HideSolutionNode = FALSE
	EndGlobalSection
EndGlobal
