
Microsoft Visual Studio Solution File, Format Version 10.00
# Visual Studio 2008
Project("{8BC9CEB8-8B4A-11D0-8D11-00A0C91BC942}") = "statistics_reader", "statistics_reader.vcproj", "{EFA2B0D2-B73D-4941-9B45-BEAD8F69C18A}"
EndProject
Global
	GlobalSection(SolutionConfigurationPlatforms) = preSolution
		Debug|Win32 = Debug|Win32
		Release|Win32 = Release|Win32
	EndGlobalSection
	GlobalSection(ProjectConfigurationPlatforms) = postSolution
		{EFA2B0D2-B73D-4941-9B45-BEAD8F69C18A}.Debug|Win32.ActiveCfg = Debug|Win32
		{EFA2B0D2-B73D-4941-9B45-BEAD8F69C18A}.Debug|Win32.Build.0 = Debug|Win32
		{EFA2B0D2-B73D-4941-9B45-BEAD8F69C18A}.Release|Win32.ActiveCfg = Release|Win32
		{EFA2B0D2-B73D-4941-9B45-BEAD8F69C18A}.Release|Win32.Build.0 = Release|Win32
	EndGlobalSection
	GlobalSection(SolutionProperties) = preSolution
		HideSolutionNode = FALSE
	EndGlobalSection
EndGlobal
